
Microsoft Visual Studio Solution File, Format Version 12.00
# Visual Studio 15
Project("{FAE04EC0-301F-11D3-BF4B-00C04F79EFBC}") = "Assembly-CSharp", "Assembly-CSharp.csproj", "{91EA6CFA-0B1A-7E85-AE3C-6D857D9BD1B1}"
EndProject
Project("{FAE04EC0-301F-11D3-BF4B-00C04F79EFBC}") = "Assembly-CSharp-firstpass", "Assembly-CSharp-firstpass.csproj", "{B815CF42-5DBE-7A84-90B0-CFBF54198914}"
EndProject
Global
	GlobalSection(SolutionConfigurationPlatforms) = preSolution
		Debug|Any CPU = Debug|Any CPU
		Release|Any CPU = Release|Any CPU
	EndGlobalSection
	GlobalSection(ProjectConfigurationPlatforms) = postSolution
		{91EA6CFA-0B1A-7E85-AE3C-6D857D9BD1B1}.Debug|Any CPU.ActiveCfg = Debug|Any CPU
		{91EA6CFA-0B1A-7E85-AE3C-6D857D9BD1B1}.Debug|Any CPU.Build.0 = Debug|Any CPU
		{91EA6CFA-0B1A-7E85-AE3C-6D857D9BD1B1}.Release|Any CPU.ActiveCfg = Release|Any CPU
		{91EA6CFA-0B1A-7E85-AE3C-6D857D9BD1B1}.Release|Any CPU.Build.0 = Release|Any CPU
		{B815CF42-5DBE-7A84-90B0-CFBF54198914}.Debug|Any CPU.ActiveCfg = Debug|Any CPU
		{B815CF42-5DBE-7A84-90B0-CFBF54198914}.Debug|Any CPU.Build.0 = Debug|Any CPU
		{B815CF42-5DBE-7A84-90B0-CFBF54198914}.Release|Any CPU.ActiveCfg = Release|Any CPU
		{B815CF42-5DBE-7A84-90B0-CFBF54198914}.Release|Any CPU.Build.0 = Release|Any CPU
	EndGlobalSection
	GlobalSection(SolutionProperties) = preSolution
		HideSolutionNode = FALSE
	EndGlobalSection
EndGlobal
